
Microsoft Visual Studio Solution File, Format Version 12.00
# Visual Studio Version 16
VisualStudioVersion = 16.0.31129.286
MinimumVisualStudioVersion = 10.0.40219.1
Project("{FAE04EC0-301F-11D3-BF4B-00C04F79EFBC}") = "AdamBednarzLab8ZadDom", "AdamBednarzLab8ZadDom\AdamBednarzLab8ZadDom.csproj", "{587D98E5-E84F-4F0F-B313-017FFDE6FBAF}"
EndProject
Global
	GlobalSection(SolutionConfigurationPlatforms) = preSolution
		Debug|Any CPU = Debug|Any CPU
		Release|Any CPU = Release|Any CPU
	EndGlobalSection
	GlobalSection(ProjectConfigurationPlatforms) = postSolution
		{587D98E5-E84F-4F0F-B313-017FFDE6FBAF}.Debug|Any CPU.ActiveCfg = Debug|Any CPU
		{587D98E5-E84F-4F0F-B313-017FFDE6FBAF}.Debug|Any CPU.Build.0 = Debug|Any CPU
		{587D98E5-E84F-4F0F-B313-017FFDE6FBAF}.Release|Any CPU.ActiveCfg = Release|Any CPU
		{587D98E5-E84F-4F0F-B313-017FFDE6FBAF}.Release|Any CPU.Build.0 = Release|Any CPU
	EndGlobalSection
	GlobalSection(SolutionProperties) = preSolution
		HideSolutionNode = FALSE
	EndGlobalSection
	GlobalSection(ExtensibilityGlobals) = postSolution
		SolutionGuid = {D6257AFF-AD36-451B-81DF-F929C562C111}
	EndGlobalSection
EndGlobal
