
Microsoft Visual Studio Solution File, Format Version 12.00
# Visual Studio Version 16
VisualStudioVersion = 16.0.31129.286
MinimumVisualStudioVersion = 10.0.40219.1
Project("{FAE04EC0-301F-11D3-BF4B-00C04F79EFBC}") = "AdamBednarzLab3ZadDom", "AdamBednarzLab3ZadDom\AdamBednarzLab3ZadDom.csproj", "{F580335D-75C8-46B0-93C9-D1553C4A8736}"
EndProject
Global
	GlobalSection(SolutionConfigurationPlatforms) = preSolution
		Debug|Any CPU = Debug|Any CPU
		Release|Any CPU = Release|Any CPU
	EndGlobalSection
	GlobalSection(ProjectConfigurationPlatforms) = postSolution
		{F580335D-75C8-46B0-93C9-D1553C4A8736}.Debug|Any CPU.ActiveCfg = Debug|Any CPU
		{F580335D-75C8-46B0-93C9-D1553C4A8736}.Debug|Any CPU.Build.0 = Debug|Any CPU
		{F580335D-75C8-46B0-93C9-D1553C4A8736}.Release|Any CPU.ActiveCfg = Release|Any CPU
		{F580335D-75C8-46B0-93C9-D1553C4A8736}.Release|Any CPU.Build.0 = Release|Any CPU
	EndGlobalSection
	GlobalSection(SolutionProperties) = preSolution
		HideSolutionNode = FALSE
	EndGlobalSection
	GlobalSection(ExtensibilityGlobals) = postSolution
		SolutionGuid = {04682764-3B0A-427F-9E76-F591D482B6CE}
	EndGlobalSection
EndGlobal
