
Microsoft Visual Studio Solution File, Format Version 12.00
# Visual Studio Version 16
VisualStudioVersion = 16.0.31129.286
MinimumVisualStudioVersion = 10.0.40219.1
Project("{FAE04EC0-301F-11D3-BF4B-00C04F79EFBC}") = "AdamBednarzLab1", "AdamBednarzLab1\AdamBednarzLab1.csproj", "{1FE3C4E0-5738-4F26-A1C6-5EC8BBB87B26}"
EndProject
Global
	GlobalSection(SolutionConfigurationPlatforms) = preSolution
		Debug|Any CPU = Debug|Any CPU
		Release|Any CPU = Release|Any CPU
	EndGlobalSection
	GlobalSection(ProjectConfigurationPlatforms) = postSolution
		{1FE3C4E0-5738-4F26-A1C6-5EC8BBB87B26}.Debug|Any CPU.ActiveCfg = Debug|Any CPU
		{1FE3C4E0-5738-4F26-A1C6-5EC8BBB87B26}.Debug|Any CPU.Build.0 = Debug|Any CPU
		{1FE3C4E0-5738-4F26-A1C6-5EC8BBB87B26}.Release|Any CPU.ActiveCfg = Release|Any CPU
		{1FE3C4E0-5738-4F26-A1C6-5EC8BBB87B26}.Release|Any CPU.Build.0 = Release|Any CPU
	EndGlobalSection
	GlobalSection(SolutionProperties) = preSolution
		HideSolutionNode = FALSE
	EndGlobalSection
	GlobalSection(ExtensibilityGlobals) = postSolution
		SolutionGuid = {0DDDF90F-3270-4322-B955-D66DF7FDD326}
	EndGlobalSection
EndGlobal
