
Microsoft Visual Studio Solution File, Format Version 12.00
# Visual Studio Version 16
VisualStudioVersion = 16.0.31129.286
MinimumVisualStudioVersion = 10.0.40219.1
Project("{FAE04EC0-301F-11D3-BF4B-00C04F79EFBC}") = "AdamBednarzLab1ZadDom", "AdamBednarzLab1ZadDom\AdamBednarzLab1ZadDom.csproj", "{3C460670-8B2F-4C97-9A3B-E9BA19969FA9}"
EndProject
Global
	GlobalSection(SolutionConfigurationPlatforms) = preSolution
		Debug|Any CPU = Debug|Any CPU
		Release|Any CPU = Release|Any CPU
	EndGlobalSection
	GlobalSection(ProjectConfigurationPlatforms) = postSolution
		{3C460670-8B2F-4C97-9A3B-E9BA19969FA9}.Debug|Any CPU.ActiveCfg = Debug|Any CPU
		{3C460670-8B2F-4C97-9A3B-E9BA19969FA9}.Debug|Any CPU.Build.0 = Debug|Any CPU
		{3C460670-8B2F-4C97-9A3B-E9BA19969FA9}.Release|Any CPU.ActiveCfg = Release|Any CPU
		{3C460670-8B2F-4C97-9A3B-E9BA19969FA9}.Release|Any CPU.Build.0 = Release|Any CPU
	EndGlobalSection
	GlobalSection(SolutionProperties) = preSolution
		HideSolutionNode = FALSE
	EndGlobalSection
	GlobalSection(ExtensibilityGlobals) = postSolution
		SolutionGuid = {27AD1CA0-3D6E-4E9E-9546-1B2AF055C938}
	EndGlobalSection
EndGlobal
